
Microsoft Visual Studio Solution File, Format Version 12.00
# Visual Studio 15
VisualStudioVersion = 15.0.27130.2020
MinimumVisualStudioVersion = 10.0.40219.1
Project("{FAE04EC0-301F-11D3-BF4B-00C04F79EFBC}") = "Anexia.BDP.CloudLog", "src\Anexia.BDP.CloudLog\Anexia.BDP.CloudLog.csproj", "{E18E3001-18A5-41F4-AE6B-C7D8459239A8}"
EndProject
Project("{FAE04EC0-301F-11D3-BF4B-00C04F79EFBC}") = "Anexia.BDP.CloudLog.Test", "Anexia.BDP.CloudLog.Test\Anexia.BDP.CloudLog.Test.csproj", "{713CF6C3-34C4-4102-9843-D87D5A2127DD}"
EndProject
Project("{2150E333-8FDC-42A3-9474-1A3956D46DE8}") = "SolutionFolder", "SolutionFolder", "{73DE1A1E-03A4-434A-8E31-8C8E01B9EFC4}"
	ProjectSection(SolutionItems) = preProject
		.gitattributes = .gitattributes
		.gitignore = .gitignore
		LICENSE = LICENSE
		README.md = README.md
		CHANGELOG.md = CHANGELOG.md
		.github\workflows\test.yml = .github\workflows\test.yml
	EndProjectSection
EndProject
Global
	GlobalSection(SolutionConfigurationPlatforms) = preSolution
		Debug|Any CPU = Debug|Any CPU
		Release|Any CPU = Release|Any CPU
	EndGlobalSection
	GlobalSection(ProjectConfigurationPlatforms) = postSolution
		{E18E3001-18A5-41F4-AE6B-C7D8459239A8}.Debug|Any CPU.ActiveCfg = Debug|Any CPU
		{E18E3001-18A5-41F4-AE6B-C7D8459239A8}.Debug|Any CPU.Build.0 = Debug|Any CPU
		{E18E3001-18A5-41F4-AE6B-C7D8459239A8}.Release|Any CPU.ActiveCfg = Release|Any CPU
		{E18E3001-18A5-41F4-AE6B-C7D8459239A8}.Release|Any CPU.Build.0 = Release|Any CPU
		{713CF6C3-34C4-4102-9843-D87D5A2127DD}.Debug|Any CPU.ActiveCfg = Debug|Any CPU
		{713CF6C3-34C4-4102-9843-D87D5A2127DD}.Debug|Any CPU.Build.0 = Debug|Any CPU
		{713CF6C3-34C4-4102-9843-D87D5A2127DD}.Release|Any CPU.ActiveCfg = Release|Any CPU
		{713CF6C3-34C4-4102-9843-D87D5A2127DD}.Release|Any CPU.Build.0 = Release|Any CPU
	EndGlobalSection
	GlobalSection(SolutionProperties) = preSolution
		HideSolutionNode = FALSE
	EndGlobalSection
	GlobalSection(ExtensibilityGlobals) = postSolution
		SolutionGuid = {28DA5187-F3C6-4E73-A866-D4753DA8F75D}
	EndGlobalSection
EndGlobal
